// !$*UTF8*$!
{
	archiveVersion = 1;
	classes = {
	};
	objectVersion = 46;
	objects = {

/* Begin PBXBuildFile section */
		4691B47319F25B42001007DB /* main.m in Sources */ = {isa = PBXBuildFile; fileRef = 4691B47219F25B42001007DB /* main.m */; };
		4691B47619F25B42001007DB /* AppDelegate.m in Sources */ = {isa = PBXBuildFile; fileRef = 4691B47519F25B42001007DB /* AppDelegate.m */; };
		4691B47919F25B42001007DB /* ViewController.m in Sources */ = {isa = PBXBuildFile; fileRef = 4691B47819F25B42001007DB /* ViewController.m */; };
		4691B47C19F25B42001007DB /* Main.storyboard in Resources */ = {isa = PBXBuildFile; fileRef = 4691B47A19F25B42001007DB /* Main.storyboard */; };
		4691B47E19F25B42001007DB /* Images.xcassets in Resources */ = {isa = PBXBuildFile; fileRef = 4691B47D19F25B42001007DB /* Images.xcassets */; };
		4691B48119F25B42001007DB /* LaunchScreen.xib in Resources */ = {isa = PBXBuildFile; fileRef = 4691B47F19F25B42001007DB /* LaunchScreen.xib */; };
		4691B48D19F25B42001007DB /* HellloWorldTests.m in Sources */ = {isa = PBXBuildFile; fileRef = 4691B48C19F25B42001007DB /* HellloWorldTests.m */; };
/* End PBXBuildFile section */

/* Begin PBXContainerItemProxy section */
		4691B48719F25B42001007DB /* PBXContainerItemProxy */ = {
			isa = PBXContainerItemProxy;
			containerPortal = 4691B46519F25B42001007DB /* Project object */;
			proxyType = 1;
			remoteGlobalIDString = 4691B46C19F25B42001007DB;
			remoteInfo = HellloWorld;
		};
/* End PBXContainerItemProxy section */

/* Begin PBXFileReference section */
		4691B46D19F25B42001007DB /* HellloWorld.app */ = {isa = PBXFileReference; explicitFileType = wrapper.application; includeInIndex = 0; path = HellloWorld.app; sourceTree = BUILT_PRODUCTS_DIR; };
		4691B47119F25B42001007DB /* Info.plist */ = {isa = PBXFileReference; lastKnownFileType = text.plist.xml; path = Info.plist; sourceTree = "<group>"; };
		4691B47219F25B42001007DB /* main.m */ = {isa = PBXFileReference; lastKnownFileType = sourcecode.c.objc; path = main.m; sourceTree = "<group>"; };
		4691B47419F25B42001007DB /* AppDelegate.h */ = {isa = PBXFileReference; lastKnownFileType = sourcecode.c.h; path = AppDelegate.h; sourceTree = "<group>"; };
		4691B47519F25B42001007DB /* AppDelegate.m */ = {isa = PBXFileReference; lastKnownFileType = sourcecode.c.objc; path = AppDelegate.m; sourceTree = "<group>"; };
		4691B47719F25B42001007DB /* ViewController.h */ = {isa = PBXFileReference; lastKnownFileType = sourcecode.c.h; path = ViewController.h; sourceTree = "<group>"; };
		4691B47819F25B42001007DB /* ViewController.m */ = {isa = PBXFileReference; lastKnownFileType = sourcecode.c.objc; path = ViewController.m; sourceTree = "<group>"; };
		4691B47B19F25B42001007DB /* Base */ = {isa = PBXFileReference; lastKnownFileType = file.storyboard; name = Base; path = Base.lproj/Main.storyboard; sourceTree = "<group>"; };
		4691B47D19F25B42001007DB /* Images.xcassets */ = {isa = PBXFileReference; lastKnownFileType = folder.assetcatalog; path = Images.xcassets; sourceTree = "<group>"; };
		4691B48019F25B42001007DB /* Base */ = {isa = PBXFileReference; lastKnownFileType = file.xib; name = Base; path = Base.lproj/LaunchScreen.xib; sourceTree = "<group>"; };
		4691B48619F25B42001007DB /* HellloWorldTests.xctest */ = {isa = PBXFileReference; explicitFileType = wrapper.cfbundle; includeInIndex = 0; path = HellloWorldTests.xctest; sourceTree = BUILT_PRODUCTS_DIR; };
		4691B48B19F25B42001007DB /* Info.plist */ = {isa = PBXFileReference; lastKnownFileType = text.plist.xml; path = Info.plist; sourceTree = "<group>"; };
		4691B48C19F25B42001007DB /* HellloWorldTests.m */ = {isa = PBXFileReference; lastKnownFileType = sourcecode.c.objc; path = HellloWorldTests.m; sourceTree = "<group>"; };
/* End PBXFileReference section */

/* Begin PBXFrameworksBuildPhase section */
		4691B46A19F25B42001007DB /* Frameworks */ = {
			isa = PBXFrameworksBuildPhase;
			buildActionMask = 2147483647;
			files = (
			);
			runOnlyForDeploymentPostprocessing = 0;
		};
		4691B48319F25B42001007DB /* Frameworks */ = {
			isa = PBXFrameworksBuildPhase;
			buildActionMask = 2147483647;
			files = (
			);
			runOnlyForDeploymentPostprocessing = 0;
		};
/* End PBXFrameworksBuildPhase section */

/* Begin PBXGroup section */
		4691B46419F25B42001007DB = {
			isa = PBXGroup;
			children = (
				4691B46F19F25B42001007DB /* HellloWorld */,
				4691B48919F25B42001007DB /* HellloWorldTests */,
				4691B46E19F25B42001007DB /* Products */,
			);
			sourceTree = "<group>";
		};
		4691B46E19F25B42001007DB /* Products */ = {
			isa = PBXGroup;
			children = (
				4691B46D19F25B42001007DB /* HellloWorld.app */,
				4691B48619F25B42001007DB /* HellloWorldTests.xctest */,
			);
			name = Products;
			sourceTree = "<group>";
		};
		4691B46F19F25B42001007DB /* HellloWorld */ = {
			isa = PBXGroup;
			children = (
				4691B47419F25B42001007DB /* AppDelegate.h */,
				4691B47519F25B42001007DB /* AppDelegate.m */,
				4691B47719F25B42001007DB /* ViewController.h */,
				4691B47819F25B42001007DB /* ViewController.m */,
				4691B47A19F25B42001007DB /* Main.storyboard */,
				4691B47D19F25B42001007DB /* Images.xcassets */,
				4691B47F19F25B42001007DB /* LaunchScreen.xib */,
				4691B47019F25B42001007DB /* Supporting Files */,
			);
			path = HellloWorld;
			sourceTree = "<group>";
		};
		4691B47019F25B42001007DB /* Supporting Files */ = {
			isa = PBXGroup;
			children = (
				4691B47119F25B42001007DB /* Info.plist */,
				4691B47219F25B42001007DB /* main.m */,
			);
			name = "Supporting Files";
			sourceTree = "<group>";
		};
		4691B48919F25B42001007DB /* HellloWorldTests */ = {
			isa = PBXGroup;
			children = (
				4691B48C19F25B42001007DB /* HellloWorldTests.m */,
				4691B48A19F25B42001007DB /* Supporting Files */,
			);
			path = HellloWorldTests;
			sourceTree = "<group>";
		};
		4691B48A19F25B42001007DB /* Supporting Files */ = {
			isa = PBXGroup;
			children = (
				4691B48B19F25B42001007DB /* Info.plist */,
			);
			name = "Supporting Files";
			sourceTree = "<group>";
		};
/* End PBXGroup section */

/* Begin PBXNativeTarget section */
		4691B46C19F25B42001007DB /* HellloWorld */ = {
			isa = PBXNativeTarget;
			buildConfigurationList = 4691B49019F25B42001007DB /* Build configuration list for PBXNativeTarget "HellloWorld" */;
			buildPhases = (
				4691B46919F25B42001007DB /* Sources */,
				4691B46A19F25B42001007DB /* Frameworks */,
				4691B46B19F25B42001007DB /* Resources */,
			);
			buildRules = (
			);
			dependencies = (
			);
			name = HellloWorld;
			productName = HellloWorld;
			productReference = 4691B46D19F25B42001007DB /* HellloWorld.app */;
			productType = "com.apple.product-type.application";
		};
		4691B48519F25B42001007DB /* HellloWorldTests */ = {
			isa = PBXNativeTarget;
			buildConfigurationList = 4691B49319F25B42001007DB /* Build configuration list for PBXNativeTarget "HellloWorldTests" */;
			buildPhases = (
				4691B48219F25B42001007DB /* Sources */,
				4691B48319F25B42001007DB /* Frameworks */,
				4691B48419F25B42001007DB /* Resources */,
			);
			buildRules = (
			);
			dependencies = (
				4691B48819F25B42001007DB /* PBXTargetDependency */,
			);
			name = HellloWorldTests;
			productName = HellloWorldTests;
			productReference = 4691B48619F25B42001007DB /* HellloWorldTests.xctest */;
			productType = "com.apple.product-type.bundle.unit-test";
		};
/* End PBXNativeTarget section */

/* Begin PBXProject section */
		4691B46519F25B42001007DB /* Project object */ = {
			isa = PBXProject;
			attributes = {
				LastUpgradeCheck = 0600;
				ORGANIZATIONNAME = "郭栋";
				TargetAttributes = {
					4691B46C19F25B42001007DB = {
						CreatedOnToolsVersion = 6.0.1;
					};
					4691B48519F25B42001007DB = {
						CreatedOnToolsVersion = 6.0.1;
						TestTargetID = 4691B46C19F25B42001007DB;
					};
				};
			};
			buildConfigurationList = 4691B46819F25B42001007DB /* Build configuration list for PBXProject "HellloWorld" */;
			compatibilityVersion = "Xcode 3.2";
			developmentRegion = English;
			hasScannedForEncodings = 0;
			knownRegions = (
				en,
				Base,
			);
			mainGroup = 4691B46419F25B42001007DB;
			productRefGroup = 4691B46E19F25B42001007DB /* Products */;
			projectDirPath = "";
			projectRoot = "";
			targets = (
				4691B46C19F25B42001007DB /* HellloWorld */,
				4691B48519F25B42001007DB /* HellloWorldTests */,
			);
		};
/* End PBXProject section */

/* Begin PBXResourcesBuildPhase section */
		4691B46B19F25B42001007DB /* Resources */ = {
			isa = PBXResourcesBuildPhase;
			buildActionMask = 2147483647;
			files = (
				4691B47C19F25B42001007DB /* Main.storyboard in Resources */,
				4691B48119F25B42001007DB /* LaunchScreen.xib in Resources */,
				4691B47E19F25B42001007DB /* Images.xcassets in Resources */,
			);
			runOnlyForDeploymentPostprocessing = 0;
		};
		4691B48419F25B42001007DB /* Resources */ = {
			isa = PBXResourcesBuildPhase;
			buildActionMask = 2147483647;
			files = (
			);
			runOnlyForDeploymentPostprocessing = 0;
		};
/* End PBXResourcesBuildPhase section */

/* Begin PBXSourcesBuildPhase section */
		4691B46919F25B42001007DB /* Sources */ = {
			isa = PBXSourcesBuildPhase;
			buildActionMask = 2147483647;
			files = (
				4691B47919F25B42001007DB /* ViewController.m in Sources */,
				4691B47619F25B42001007DB /* AppDelegate.m in Sources */,
				4691B47319F25B42001007DB /* main.m in Sources */,
			);
			runOnlyForDeploymentPostprocessing = 0;
		};
		4691B48219F25B42001007DB /* Sources */ = {
			isa = PBXSourcesBuildPhase;
			buildActionMask = 2147483647;
			files = (
				4691B48D19F25B42001007DB /* HellloWorldTests.m in Sources */,
			);
			runOnlyForDeploymentPostprocessing = 0;
		};
/* End PBXSourcesBuildPhase section */

/* Begin PBXTargetDependency section */
		4691B48819F25B42001007DB /* PBXTargetDependency */ = {
			isa = PBXTargetDependency;
			target = 4691B46C19F25B42001007DB /* HellloWorld */;
			targetProxy = 4691B48719F25B42001007DB /* PBXContainerItemProxy */;
		};
/* End PBXTargetDependency section */

/* Begin PBXVariantGroup section */
		4691B47A19F25B42001007DB /* Main.storyboard */ = {
			isa = PBXVariantGroup;
			children = (
				4691B47B19F25B42001007DB /* Base */,
			);
			name = Main.storyboard;
			sourceTree = "<group>";
		};
		4691B47F19F25B42001007DB /* LaunchScreen.xib */ = {
			isa = PBXVariantGroup;
			children = (
				4691B48019F25B42001007DB /* Base */,
			);
			name = LaunchScreen.xib;
			sourceTree = "<group>";
		};
/* End PBXVariantGroup section */

/* Begin XCBuildConfiguration section */
		4691B48E19F25B42001007DB /* Debug */ = {
			isa = XCBuildConfiguration;
			buildSettings = {
				ALWAYS_SEARCH_USER_PATHS = NO;
				CLANG_CXX_LANGUAGE_STANDARD = "gnu++0x";
				CLANG_CXX_LIBRARY = "libc++";
				CLANG_ENABLE_MODULES = YES;
				CLANG_ENABLE_OBJC_ARC = YES;
				CLANG_WARN_BOOL_CONVERSION = YES;
				CLANG_WARN_CONSTANT_CONVERSION = YES;
				CLANG_WARN_DIRECT_OBJC_ISA_USAGE = YES_ERROR;
				CLANG_WARN_EMPTY_BODY = YES;
				CLANG_WARN_ENUM_CONVERSION = YES;
				CLANG_WARN_INT_CONVERSION = YES;
				CLANG_WARN_OBJC_ROOT_CLASS = YES_ERROR;
				CLANG_WARN_UNREACHABLE_CODE = YES;
				CLANG_WARN__DUPLICATE_METHOD_MATCH = YES;
				"CODE_SIGN_IDENTITY[sdk=iphoneos*]" = "iPhone Developer";
				COPY_PHASE_STRIP = NO;
				ENABLE_STRICT_OBJC_MSGSEND = YES;
				GCC_C_LANGUAGE_STANDARD = gnu99;
				GCC_DYNAMIC_NO_PIC = NO;
				GCC_OPTIMIZATION_LEVEL = 0;
				GCC_PREPROCESSOR_DEFINITIONS = (
					"DEBUG=1",
					"$(inherited)",
				);
				GCC_SYMBOLS_PRIVATE_EXTERN = NO;
				GCC_WARN_64_TO_32_BIT_CONVERSION = YES;
				GCC_WARN_ABOUT_RETURN_TYPE = YES_ERROR;
				GCC_WARN_UNDECLARED_SELECTOR = YES;
				GCC_WARN_UNINITIALIZED_AUTOS = YES_AGGRESSIVE;
				GCC_WARN_UNUSED_FUNCTION = YES;
				GCC_WARN_UNUSED_VARIABLE = YES;
				IPHONEOS_DEPLOYMENT_TARGET = 8.0;
				MTL_ENABLE_DEBUG_INFO = YES;
				ONLY_ACTIVE_ARCH = YES;
				SDKROOT = iphoneos;
			};
			name = Debug;
		};
		4691B48F19F25B42001007DB /* Release */ = {
			isa = XCBuildConfiguration;
			buildSettings = {
				ALWAYS_SEARCH_USER_PATHS = NO;
				CLANG_CXX_LANGUAGE_STANDARD = "gnu++0x";
				CLANG_CXX_LIBRARY = "libc++";
				CLANG_ENABLE_MODULES = YES;
				CLANG_ENABLE_OBJC_ARC = YES;
				CLANG_WARN_BOOL_CONVERSION = YES;
				CLANG_WARN_CONSTANT_CONVERSION = YES;
				CLANG_WARN_DIRECT_OBJC_ISA_USAGE = YES_ERROR;
				CLANG_WARN_EMPTY_BODY = YES;
				CLANG_WARN_ENUM_CONVERSION = YES;
				CLANG_WARN_INT_CONVERSION = YES;
				CLANG_WARN_OBJC_ROOT_CLASS = YES_ERROR;
				CLANG_WARN_UNREACHABLE_CODE = YES;
				CLANG_WARN__DUPLICATE_METHOD_MATCH = YES;
				"CODE_SIGN_IDENTITY[sdk=iphoneos*]" = "iPhone Developer";
				COPY_PHASE_STRIP = YES;
				ENABLE_NS_ASSERTIONS = NO;
				ENABLE_STRICT_OBJC_MSGSEND = YES;
				GCC_C_LANGUAGE_STANDARD = gnu99;
				GCC_WARN_64_TO_32_BIT_CONVERSION = YES;
				GCC_WARN_ABOUT_RETURN_TYPE = YES_ERROR;
				GCC_WARN_UNDECLARED_SELECTOR = YES;
				GCC_WARN_UNINITIALIZED_AUTOS = YES_AGGRESSIVE;
				GCC_WARN_UNUSED_FUNCTION = YES;
				GCC_WARN_UNUSED_VARIABLE = YES;
				IPHONEOS_DEPLOYMENT_TARGET = 8.0;
				MTL_ENABLE_DEBUG_INFO = NO;
				SDKROOT = iphoneos;
				VALIDATE_PRODUCT = YES;
			};
			name = Release;
		};
		4691B49119F25B42001007DB /* Debug */ = {
			isa = XCBuildConfiguration;
			buildSettings = {
				ASSETCATALOG_COMPILER_APPICON_NAME = AppIcon;
				INFOPLIST_FILE = HellloWorld/Info.plist;
				LD_RUNPATH_SEARCH_PATHS = "$(inherited) @executable_path/Frameworks";
				PRODUCT_NAME = "$(TARGET_NAME)";
			};
			name = Debug;
		};
		4691B49219F25B42001007DB /* Release */ = {
			isa = XCBuildConfiguration;
			buildSettings = {
				ASSETCATALOG_COMPILER_APPICON_NAME = AppIcon;
				INFOPLIST_FILE = HellloWorld/Info.plist;
				LD_RUNPATH_SEARCH_PATHS = "$(inherited) @executable_path/Frameworks";
				PRODUCT_NAME = "$(TARGET_NAME)";
			};
			name = Release;
		};
		4691B49419F25B42001007DB /* Debug */ = {
			isa = XCBuildConfiguration;
			buildSettings = {
				BUNDLE_LOADER = "$(TEST_HOST)";
				FRAMEWORK_SEARCH_PATHS = (
					"$(SDKROOT)/Developer/Library/Frameworks",
					"$(inherited)",
				);
				GCC_PREPROCESSOR_DEFINITIONS = (
					"DEBUG=1",
					"$(inherited)",
				);
				INFOPLIST_FILE = HellloWorldTests/Info.plist;
				LD_RUNPATH_SEARCH_PATHS = "$(inherited) @executable_path/Frameworks @loader_path/Frameworks";
				PRODUCT_NAME = "$(TARGET_NAME)";
				TEST_HOST = "$(BUILT_PRODUCTS_DIR)/HellloWorld.app/HellloWorld";
			};
			name = Debug;
		};
		4691B49519F25B42001007DB /* Release */ = {
			isa = XCBuildConfiguration;
			buildSettings = {
				BUNDLE_LOADER = "$(TEST_HOST)";
				FRAMEWORK_SEARCH_PATHS = (
					"$(SDKROOT)/Developer/Library/Frameworks",
					"$(inherited)",
				);
				INFOPLIST_FILE = HellloWorldTests/Info.plist;
				LD_RUNPATH_SEARCH_PATHS = "$(inherited) @executable_path/Frameworks @loader_path/Frameworks";
				PRODUCT_NAME = "$(TARGET_NAME)";
				TEST_HOST = "$(BUILT_PRODUCTS_DIR)/HellloWorld.app/HellloWorld";
			};
			name = Release;
		};
/* End XCBuildConfiguration section */

/* Begin XCConfigurationList section */
		4691B46819F25B42001007DB /* Build configuration list for PBXProject "HellloWorld" */ = {
			isa = XCConfigurationList;
			buildConfigurations = (
				4691B48E19F25B42001007DB /* Debug */,
				4691B48F19F25B42001007DB /* Release */,
			);
			defaultConfigurationIsVisible = 0;
			defaultConfigurationName = Release;
		};
		4691B49019F25B42001007DB /* Build configuration list for PBXNativeTarget "HellloWorld" */ = {
			isa = XCConfigurationList;
			buildConfigurations = (
				4691B49119F25B42001007DB /* Debug */,
				4691B49219F25B42001007DB /* Release */,
			);
			defaultConfigurationIsVisible = 0;
		};
		4691B49319F25B42001007DB /* Build configuration list for PBXNativeTarget "HellloWorldTests" */ = {
			isa = XCConfigurationList;
			buildConfigurations = (
				4691B49419F25B42001007DB /* Debug */,
				4691B49519F25B42001007DB /* Release */,
			);
			defaultConfigurationIsVisible = 0;
		};
/* End XCConfigurationList section */
	};
	rootObject = 4691B46519F25B42001007DB /* Project object */;
}
